// !$*UTF8*$!
{
	archiveVersion = 1;
	classes = {
	};
	objectVersion = 56;
	objects = {

/* Begin PBXBuildFile section */
		C9DF05982C3F062400ADC879 /* Xcode_IntroApp.swift in Sources */ = {isa = PBXBuildFile; fileRef = C9DF05972C3F062400ADC879 /* Xcode_IntroApp.swift */; };
		C9DF059A2C3F062400ADC879 /* ContentView.swift in Sources */ = {isa = PBXBuildFile; fileRef = C9DF05992C3F062400ADC879 /* ContentView.swift */; };
		C9DF059C2C3F062800ADC879 /* Assets.xcassets in Resources */ = {isa = PBXBuildFile; fileRef = C9DF059B2C3F062800ADC879 /* Assets.xcassets */; };
		C9DF059F2C3F062800ADC879 /* Preview Assets.xcassets in Resources */ = {isa = PBXBuildFile; fileRef = C9DF059E2C3F062800ADC879 /* Preview Assets.xcassets */; };
		C9DF05A92C3F062800ADC879 /* Xcode_IntroTests.swift in Sources */ = {isa = PBXBuildFile; fileRef = C9DF05A82C3F062800ADC879 /* Xcode_IntroTests.swift */; };
		C9DF05B32C3F062800ADC879 /* Xcode_IntroUITests.swift in Sources */ = {isa = PBXBuildFile; fileRef = C9DF05B22C3F062800ADC879 /* Xcode_IntroUITests.swift */; };
		C9DF05B52C3F062800ADC879 /* Xcode_IntroUITestsLaunchTests.swift in Sources */ = {isa = PBXBuildFile; fileRef = C9DF05B42C3F062800ADC879 /* Xcode_IntroUITestsLaunchTests.swift */; };
/* End PBXBuildFile section */

/* Begin PBXContainerItemProxy section */
		C9DF05A52C3F062800ADC879 /* PBXContainerItemProxy */ = {
			isa = PBXContainerItemProxy;
			containerPortal = C9DF058C2C3F062400ADC879 /* Project object */;
			proxyType = 1;
			remoteGlobalIDString = C9DF05932C3F062400ADC879;
			remoteInfo = "Xcode Intro";
		};
		C9DF05AF2C3F062800ADC879 /* PBXContainerItemProxy */ = {
			isa = PBXContainerItemProxy;
			containerPortal = C9DF058C2C3F062400ADC879 /* Project object */;
			proxyType = 1;
			remoteGlobalIDString = C9DF05932C3F062400ADC879;
			remoteInfo = "Xcode Intro";
		};
/* End PBXContainerItemProxy section */

/* Begin PBXFileReference section */
		C9DF05942C3F062400ADC879 /* Xcode Intro.app */ = {isa = PBXFileReference; explicitFileType = wrapper.application; includeInIndex = 0; path = "Xcode Intro.app"; sourceTree = BUILT_PRODUCTS_DIR; };
		C9DF05972C3F062400ADC879 /* Xcode_IntroApp.swift */ = {isa = PBXFileReference; lastKnownFileType = sourcecode.swift; path = Xcode_IntroApp.swift; sourceTree = "<group>"; };
		C9DF05992C3F062400ADC879 /* ContentView.swift */ = {isa = PBXFileReference; lastKnownFileType = sourcecode.swift; path = ContentView.swift; sourceTree = "<group>"; };
		C9DF059B2C3F062800ADC879 /* Assets.xcassets */ = {isa = PBXFileReference; lastKnownFileType = folder.assetcatalog; path = Assets.xcassets; sourceTree = "<group>"; };
		C9DF059E2C3F062800ADC879 /* Preview Assets.xcassets */ = {isa = PBXFileReference; lastKnownFileType = folder.assetcatalog; path = "Preview Assets.xcassets"; sourceTree = "<group>"; };
		C9DF05A42C3F062800ADC879 /* Xcode IntroTests.xctest */ = {isa = PBXFileReference; explicitFileType = wrapper.cfbundle; includeInIndex = 0; path = "Xcode IntroTests.xctest"; sourceTree = BUILT_PRODUCTS_DIR; };
		C9DF05A82C3F062800ADC879 /* Xcode_IntroTests.swift */ = {isa = PBXFileReference; lastKnownFileType = sourcecode.swift; path = Xcode_IntroTests.swift; sourceTree = "<group>"; };
		C9DF05AE2C3F062800ADC879 /* Xcode IntroUITests.xctest */ = {isa = PBXFileReference; explicitFileType = wrapper.cfbundle; includeInIndex = 0; path = "Xcode IntroUITests.xctest"; sourceTree = BUILT_PRODUCTS_DIR; };
		C9DF05B22C3F062800ADC879 /* Xcode_IntroUITests.swift */ = {isa = PBXFileReference; lastKnownFileType = sourcecode.swift; path = Xcode_IntroUITests.swift; sourceTree = "<group>"; };
		C9DF05B42C3F062800ADC879 /* Xcode_IntroUITestsLaunchTests.swift */ = {isa = PBXFileReference; lastKnownFileType = sourcecode.swift; path = Xcode_IntroUITestsLaunchTests.swift; sourceTree = "<group>"; };
/* End PBXFileReference section */

/* Begin PBXFrameworksBuildPhase section */
		C9DF05912C3F062400ADC879 /* Frameworks */ = {
			isa = PBXFrameworksBuildPhase;
			buildActionMask = 2147483647;
			files = (
			);
			runOnlyForDeploymentPostprocessing = 0;
		};
		C9DF05A12C3F062800ADC879 /* Frameworks */ = {
			isa = PBXFrameworksBuildPhase;
			buildActionMask = 2147483647;
			files = (
			);
			runOnlyForDeploymentPostprocessing = 0;
		};
		C9DF05AB2C3F062800ADC879 /* Frameworks */ = {
			isa = PBXFrameworksBuildPhase;
			buildActionMask = 2147483647;
			files = (
			);
			runOnlyForDeploymentPostprocessing = 0;
		};
/* End PBXFrameworksBuildPhase section */

/* Begin PBXGroup section */
		C9DF058B2C3F062400ADC879 = {
			isa = PBXGroup;
			children = (
				C9DF05962C3F062400ADC879 /* Xcode Intro */,
				C9DF05A72C3F062800ADC879 /* Xcode IntroTests */,
				C9DF05B12C3F062800ADC879 /* Xcode IntroUITests */,
				C9DF05952C3F062400ADC879 /* Products */,
			);
			sourceTree = "<group>";
		};
		C9DF05952C3F062400ADC879 /* Products */ = {
			isa = PBXGroup;
			children = (
				C9DF05942C3F062400ADC879 /* Xcode Intro.app */,
				C9DF05A42C3F062800ADC879 /* Xcode IntroTests.xctest */,
				C9DF05AE2C3F062800ADC879 /* Xcode IntroUITests.xctest */,
			);
			name = Products;
			sourceTree = "<group>";
		};
		C9DF05962C3F062400ADC879 /* Xcode Intro */ = {
			isa = PBXGroup;
			children = (
				C9DF05972C3F062400ADC879 /* Xcode_IntroApp.swift */,
				C9DF05992C3F062400ADC879 /* ContentView.swift */,
				C9DF059B2C3F062800ADC879 /* Assets.xcassets */,
				C9DF059D2C3F062800ADC879 /* Preview Content */,
			);
			path = "Xcode Intro";
			sourceTree = "<group>";
		};
		C9DF059D2C3F062800ADC879 /* Preview Content */ = {
			isa = PBXGroup;
			children = (
				C9DF059E2C3F062800ADC879 /* Preview Assets.xcassets */,
			);
			path = "Preview Content";
			sourceTree = "<group>";
		};
		C9DF05A72C3F062800ADC879 /* Xcode IntroTests */ = {
			isa = PBXGroup;
			children = (
				C9DF05A82C3F062800ADC879 /* Xcode_IntroTests.swift */,
			);
			path = "Xcode IntroTests";
			sourceTree = "<group>";
		};
		C9DF05B12C3F062800ADC879 /* Xcode IntroUITests */ = {
			isa = PBXGroup;
			children = (
				C9DF05B22C3F062800ADC879 /* Xcode_IntroUITests.swift */,
				C9DF05B42C3F062800ADC879 /* Xcode_IntroUITestsLaunchTests.swift */,
			);
			path = "Xcode IntroUITests";
			sourceTree = "<group>";
		};
/* End PBXGroup section */

/* Begin PBXNativeTarget section */
		C9DF05932C3F062400ADC879 /* Xcode Intro */ = {
			isa = PBXNativeTarget;
			buildConfigurationList = C9DF05B82C3F062800ADC879 /* Build configuration list for PBXNativeTarget "Xcode Intro" */;
			buildPhases = (
				C9DF05902C3F062400ADC879 /* Sources */,
				C9DF05912C3F062400ADC879 /* Frameworks */,
				C9DF05922C3F062400ADC879 /* Resources */,
			);
			buildRules = (
			);
			dependencies = (
			);
			name = "Xcode Intro";
			productName = "Xcode Intro";
			productReference = C9DF05942C3F062400ADC879 /* Xcode Intro.app */;
			productType = "com.apple.product-type.application";
		};
		C9DF05A32C3F062800ADC879 /* Xcode IntroTests */ = {
			isa = PBXNativeTarget;
			buildConfigurationList = C9DF05BB2C3F062800ADC879 /* Build configuration list for PBXNativeTarget "Xcode IntroTests" */;
			buildPhases = (
				C9DF05A02C3F062800ADC879 /* Sources */,
				C9DF05A12C3F062800ADC879 /* Frameworks */,
				C9DF05A22C3F062800ADC879 /* Resources */,
			);
			buildRules = (
			);
			dependencies = (
				C9DF05A62C3F062800ADC879 /* PBXTargetDependency */,
			);
			name = "Xcode IntroTests";
			productName = "Xcode IntroTests";
			productReference = C9DF05A42C3F062800ADC879 /* Xcode IntroTests.xctest */;
			productType = "com.apple.product-type.bundle.unit-test";
		};
		C9DF05AD2C3F062800ADC879 /* Xcode IntroUITests */ = {
			isa = PBXNativeTarget;
			buildConfigurationList = C9DF05BE2C3F062800ADC879 /* Build configuration list for PBXNativeTarget "Xcode IntroUITests" */;
			buildPhases = (
				C9DF05AA2C3F062800ADC879 /* Sources */,
				C9DF05AB2C3F062800ADC879 /* Frameworks */,
				C9DF05AC2C3F062800ADC879 /* Resources */,
			);
			buildRules = (
			);
			dependencies = (
				C9DF05B02C3F062800ADC879 /* PBXTargetDependency */,
			);
			name = "Xcode IntroUITests";
			productName = "Xcode IntroUITests";
			productReference = C9DF05AE2C3F062800ADC879 /* Xcode IntroUITests.xctest */;
			productType = "com.apple.product-type.bundle.ui-testing";
		};
/* End PBXNativeTarget section */

/* Begin PBXProject section */
		C9DF058C2C3F062400ADC879 /* Project object */ = {
			isa = PBXProject;
			attributes = {
				BuildIndependentTargetsInParallel = 1;
				LastSwiftUpdateCheck = 1540;
				LastUpgradeCheck = 1540;
				TargetAttributes = {
					C9DF05932C3F062400ADC879 = {
						CreatedOnToolsVersion = 15.4;
					};
					C9DF05A32C3F062800ADC879 = {
						CreatedOnToolsVersion = 15.4;
						TestTargetID = C9DF05932C3F062400ADC879;
					};
					C9DF05AD2C3F062800ADC879 = {
						CreatedOnToolsVersion = 15.4;
						TestTargetID = C9DF05932C3F062400ADC879;
					};
				};
			};
			buildConfigurationList = C9DF058F2C3F062400ADC879 /* Build configuration list for PBXProject "Xcode Intro" */;
			compatibilityVersion = "Xcode 14.0";
			developmentRegion = en;
			hasScannedForEncodings = 0;
			knownRegions = (
				en,
				Base,
			);
			mainGroup = C9DF058B2C3F062400ADC879;
			productRefGroup = C9DF05952C3F062400ADC879 /* Products */;
			projectDirPath = "";
			projectRoot = "";
			targets = (
				C9DF05932C3F062400ADC879 /* Xcode Intro */,
				C9DF05A32C3F062800ADC879 /* Xcode IntroTests */,
				C9DF05AD2C3F062800ADC879 /* Xcode IntroUITests */,
			);
		};
/* End PBXProject section */

/* Begin PBXResourcesBuildPhase section */
		C9DF05922C3F062400ADC879 /* Resources */ = {
			isa = PBXResourcesBuildPhase;
			buildActionMask = 2147483647;
			files = (
				C9DF059F2C3F062800ADC879 /* Preview Assets.xcassets in Resources */,
				C9DF059C2C3F062800ADC879 /* Assets.xcassets in Resources */,
			);
			runOnlyForDeploymentPostprocessing = 0;
		};
		C9DF05A22C3F062800ADC879 /* Resources */ = {
			isa = PBXResourcesBuildPhase;
			buildActionMask = 2147483647;
			files = (
			);
			runOnlyForDeploymentPostprocessing = 0;
		};
		C9DF05AC2C3F062800ADC879 /* Resources */ = {
			isa = PBXResourcesBuildPhase;
			buildActionMask = 2147483647;
			files = (
			);
			runOnlyForDeploymentPostprocessing = 0;
		};
/* End PBXResourcesBuildPhase section */

/* Begin PBXSourcesBuildPhase section */
		C9DF05902C3F062400ADC879 /* Sources */ = {
			isa = PBXSourcesBuildPhase;
			buildActionMask = 2147483647;
			files = (
				C9DF059A2C3F062400ADC879 /* ContentView.swift in Sources */,
				C9DF05982C3F062400ADC879 /* Xcode_IntroApp.swift in Sources */,
			);
			runOnlyForDeploymentPostprocessing = 0;
		};
		C9DF05A02C3F062800ADC879 /* Sources */ = {
			isa = PBXSourcesBuildPhase;
			buildActionMask = 2147483647;
			files = (
				C9DF05A92C3F062800ADC879 /* Xcode_IntroTests.swift in Sources */,
			);
			runOnlyForDeploymentPostprocessing = 0;
		};
		C9DF05AA2C3F062800ADC879 /* Sources */ = {
			isa = PBXSourcesBuildPhase;
			buildActionMask = 2147483647;
			files = (
				C9DF05B32C3F062800ADC879 /* Xcode_IntroUITests.swift in Sources */,
				C9DF05B52C3F062800ADC879 /* Xcode_IntroUITestsLaunchTests.swift in Sources */,
			);
			runOnlyForDeploymentPostprocessing = 0;
		};
/* End PBXSourcesBuildPhase section */

/* Begin PBXTargetDependency section */
		C9DF05A62C3F062800ADC879 /* PBXTargetDependency */ = {
			isa = PBXTargetDependency;
			target = C9DF05932C3F062400ADC879 /* Xcode Intro */;
			targetProxy = C9DF05A52C3F062800ADC879 /* PBXContainerItemProxy */;
		};
		C9DF05B02C3F062800ADC879 /* PBXTargetDependency */ = {
			isa = PBXTargetDependency;
			target = C9DF05932C3F062400ADC879 /* Xcode Intro */;
			targetProxy = C9DF05AF2C3F062800ADC879 /* PBXContainerItemProxy */;
		};
/* End PBXTargetDependency section */

/* Begin XCBuildConfiguration section */
		C9DF05B62C3F062800ADC879 /* Debug */ = {
			isa = XCBuildConfiguration;
			buildSettings = {
				ALWAYS_SEARCH_USER_PATHS = NO;
				ASSETCATALOG_COMPILER_GENERATE_SWIFT_ASSET_SYMBOL_EXTENSIONS = YES;
				CLANG_ANALYZER_NONNULL = YES;
				CLANG_ANALYZER_NUMBER_OBJECT_CONVERSION = YES_AGGRESSIVE;
				CLANG_CXX_LANGUAGE_STANDARD = "gnu++20";
				CLANG_ENABLE_MODULES = YES;
				CLANG_ENABLE_OBJC_ARC = YES;
				CLANG_ENABLE_OBJC_WEAK = YES;
				CLANG_WARN_BLOCK_CAPTURE_AUTORELEASING = YES;
				CLANG_WARN_BOOL_CONVERSION = YES;
				CLANG_WARN_COMMA = YES;
				CLANG_WARN_CONSTANT_CONVERSION = YES;
				CLANG_WARN_DEPRECATED_OBJC_IMPLEMENTATIONS = YES;
				CLANG_WARN_DIRECT_OBJC_ISA_USAGE = YES_ERROR;
				CLANG_WARN_DOCUMENTATION_COMMENTS = YES;
				CLANG_WARN_EMPTY_BODY = YES;
				CLANG_WARN_ENUM_CONVERSION = YES;
				CLANG_WARN_INFINITE_RECURSION = YES;
				CLANG_WARN_INT_CONVERSION = YES;
				CLANG_WARN_NON_LITERAL_NULL_CONVERSION = YES;
				CLANG_WARN_OBJC_IMPLICIT_RETAIN_SELF = YES;
				CLANG_WARN_OBJC_LITERAL_CONVERSION = YES;
				CLANG_WARN_OBJC_ROOT_CLASS = YES_ERROR;
				CLANG_WARN_QUOTED_INCLUDE_IN_FRAMEWORK_HEADER = YES;
				CLANG_WARN_RANGE_LOOP_ANALYSIS = YES;
				CLANG_WARN_STRICT_PROTOTYPES = YES;
				CLANG_WARN_SUSPICIOUS_MOVE = YES;
				CLANG_WARN_UNGUARDED_AVAILABILITY = YES_AGGRESSIVE;
				CLANG_WARN_UNREACHABLE_CODE = YES;
				CLANG_WARN__DUPLICATE_METHOD_MATCH = YES;
				COPY_PHASE_STRIP = NO;
				DEBUG_INFORMATION_FORMAT = dwarf;
				ENABLE_STRICT_OBJC_MSGSEND = YES;
				ENABLE_TESTABILITY = YES;
				ENABLE_USER_SCRIPT_SANDBOXING = YES;
				GCC_C_LANGUAGE_STANDARD = gnu17;
				GCC_DYNAMIC_NO_PIC = NO;
				GCC_NO_COMMON_BLOCKS = YES;
				GCC_OPTIMIZATION_LEVEL = 0;
				GCC_PREPROCESSOR_DEFINITIONS = (
					"DEBUG=1",
					"$(inherited)",
				);
				GCC_WARN_64_TO_32_BIT_CONVERSION = YES;
				GCC_WARN_ABOUT_RETURN_TYPE = YES_ERROR;
				GCC_WARN_UNDECLARED_SELECTOR = YES;
				GCC_WARN_UNINITIALIZED_AUTOS = YES_AGGRESSIVE;
				GCC_WARN_UNUSED_FUNCTION = YES;
				GCC_WARN_UNUSED_VARIABLE = YES;
				IPHONEOS_DEPLOYMENT_TARGET = 17.5;
				LOCALIZATION_PREFERS_STRING_CATALOGS = YES;
				MTL_ENABLE_DEBUG_INFO = INCLUDE_SOURCE;
				MTL_FAST_MATH = YES;
				ONLY_ACTIVE_ARCH = YES;
				SDKROOT = iphoneos;
				SWIFT_ACTIVE_COMPILATION_CONDITIONS = "DEBUG $(inherited)";
				SWIFT_OPTIMIZATION_LEVEL = "-Onone";
			};
			name = Debug;
		};
		C9DF05B72C3F062800ADC879 /* Release */ = {
			isa = XCBuildConfiguration;
			buildSettings = {
				ALWAYS_SEARCH_USER_PATHS = NO;
				ASSETCATALOG_COMPILER_GENERATE_SWIFT_ASSET_SYMBOL_EXTENSIONS = YES;
				CLANG_ANALYZER_NONNULL = YES;
				CLANG_ANALYZER_NUMBER_OBJECT_CONVERSION = YES_AGGRESSIVE;
				CLANG_CXX_LANGUAGE_STANDARD = "gnu++20";
				CLANG_ENABLE_MODULES = YES;
				CLANG_ENABLE_OBJC_ARC = YES;
				CLANG_ENABLE_OBJC_WEAK = YES;
				CLANG_WARN_BLOCK_CAPTURE_AUTORELEASING = YES;
				CLANG_WARN_BOOL_CONVERSION = YES;
				CLANG_WARN_COMMA = YES;
				CLANG_WARN_CONSTANT_CONVERSION = YES;
				CLANG_WARN_DEPRECATED_OBJC_IMPLEMENTATIONS = YES;
				CLANG_WARN_DIRECT_OBJC_ISA_USAGE = YES_ERROR;
				CLANG_WARN_DOCUMENTATION_COMMENTS = YES;
				CLANG_WARN_EMPTY_BODY = YES;
				CLANG_WARN_ENUM_CONVERSION = YES;
				CLANG_WARN_INFINITE_RECURSION = YES;
				CLANG_WARN_INT_CONVERSION = YES;
				CLANG_WARN_NON_LITERAL_NULL_CONVERSION = YES;
				CLANG_WARN_OBJC_IMPLICIT_RETAIN_SELF = YES;
				CLANG_WARN_OBJC_LITERAL_CONVERSION = YES;
				CLANG_WARN_OBJC_ROOT_CLASS = YES_ERROR;
				CLANG_WARN_QUOTED_INCLUDE_IN_FRAMEWORK_HEADER = YES;
				CLANG_WARN_RANGE_LOOP_ANALYSIS = YES;
				CLANG_WARN_STRICT_PROTOTYPES = YES;
				CLANG_WARN_SUSPICIOUS_MOVE = YES;
				CLANG_WARN_UNGUARDED_AVAILABILITY = YES_AGGRESSIVE;
				CLANG_WARN_UNREACHABLE_CODE = YES;
				CLANG_WARN__DUPLICATE_METHOD_MATCH = YES;
				COPY_PHASE_STRIP = NO;
				DEBUG_INFORMATION_FORMAT = "dwarf-with-dsym";
				ENABLE_NS_ASSERTIONS = NO;
				ENABLE_STRICT_OBJC_MSGSEND = YES;
				ENABLE_USER_SCRIPT_SANDBOXING = YES;
				GCC_C_LANGUAGE_STANDARD = gnu17;
				GCC_NO_COMMON_BLOCKS = YES;
				GCC_WARN_64_TO_32_BIT_CONVERSION = YES;
				GCC_WARN_ABOUT_RETURN_TYPE = YES_ERROR;
				GCC_WARN_UNDECLARED_SELECTOR = YES;
				GCC_WARN_UNINITIALIZED_AUTOS = YES_AGGRESSIVE;
				GCC_WARN_UNUSED_FUNCTION = YES;
				GCC_WARN_UNUSED_VARIABLE = YES;
				IPHONEOS_DEPLOYMENT_TARGET = 17.5;
				LOCALIZATION_PREFERS_STRING_CATALOGS = YES;
				MTL_ENABLE_DEBUG_INFO = NO;
				MTL_FAST_MATH = YES;
				SDKROOT = iphoneos;
				SWIFT_COMPILATION_MODE = wholemodule;
				VALIDATE_PRODUCT = YES;
			};
			name = Release;
		};
		C9DF05B92C3F062800ADC879 /* Debug */ = {
			isa = XCBuildConfiguration;
			buildSettings = {
				ASSETCATALOG_COMPILER_APPICON_NAME = AppIcon;
				ASSETCATALOG_COMPILER_GLOBAL_ACCENT_COLOR_NAME = AccentColor;
				CODE_SIGN_STYLE = Automatic;
				CURRENT_PROJECT_VERSION = 1;
				DEVELOPMENT_ASSET_PATHS = "\"Xcode Intro/Preview Content\"";
				ENABLE_PREVIEWS = YES;
				GENERATE_INFOPLIST_FILE = YES;
				INFOPLIST_KEY_UIApplicationSceneManifest_Generation = YES;
				INFOPLIST_KEY_UIApplicationSupportsIndirectInputEvents = YES;
				INFOPLIST_KEY_UILaunchScreen_Generation = YES;
				INFOPLIST_KEY_UISupportedInterfaceOrientations_iPad = "UIInterfaceOrientationPortrait UIInterfaceOrientationPortraitUpsideDown UIInterfaceOrientationLandscapeLeft UIInterfaceOrientationLandscapeRight";
				INFOPLIST_KEY_UISupportedInterfaceOrientations_iPhone = "UIInterfaceOrientationPortrait UIInterfaceOrientationLandscapeLeft UIInterfaceOrientationLandscapeRight";
				LD_RUNPATH_SEARCH_PATHS = (
					"$(inherited)",
					"@executable_path/Frameworks",
				);
				MARKETING_VERSION = 1.0;
				PRODUCT_BUNDLE_IDENTIFIER = "kwk.Xcode-Intro";
				PRODUCT_NAME = "$(TARGET_NAME)";
				SWIFT_EMIT_LOC_STRINGS = YES;
				SWIFT_VERSION = 5.0;
				TARGETED_DEVICE_FAMILY = "1,2";
			};
			name = Debug;
		};
		C9DF05BA2C3F062800ADC879 /* Release */ = {
			isa = XCBuildConfiguration;
			buildSettings = {
				ASSETCATALOG_COMPILER_APPICON_NAME = AppIcon;
				ASSETCATALOG_COMPILER_GLOBAL_ACCENT_COLOR_NAME = AccentColor;
				CODE_SIGN_STYLE = Automatic;
				CURRENT_PROJECT_VERSION = 1;
				DEVELOPMENT_ASSET_PATHS = "\"Xcode Intro/Preview Content\"";
				ENABLE_PREVIEWS = YES;
				GENERATE_INFOPLIST_FILE = YES;
				INFOPLIST_KEY_UIApplicationSceneManifest_Generation = YES;
				INFOPLIST_KEY_UIApplicationSupportsIndirectInputEvents = YES;
				INFOPLIST_KEY_UILaunchScreen_Generation = YES;
				INFOPLIST_KEY_UISupportedInterfaceOrientations_iPad = "UIInterfaceOrientationPortrait UIInterfaceOrientationPortraitUpsideDown UIInterfaceOrientationLandscapeLeft UIInterfaceOrientationLandscapeRight";
				INFOPLIST_KEY_UISupportedInterfaceOrientations_iPhone = "UIInterfaceOrientationPortrait UIInterfaceOrientationLandscapeLeft UIInterfaceOrientationLandscapeRight";
				LD_RUNPATH_SEARCH_PATHS = (
					"$(inherited)",
					"@executable_path/Frameworks",
				);
				MARKETING_VERSION = 1.0;
				PRODUCT_BUNDLE_IDENTIFIER = "kwk.Xcode-Intro";
				PRODUCT_NAME = "$(TARGET_NAME)";
				SWIFT_EMIT_LOC_STRINGS = YES;
				SWIFT_VERSION = 5.0;
				TARGETED_DEVICE_FAMILY = "1,2";
			};
			name = Release;
		};
		C9DF05BC2C3F062800ADC879 /* Debug */ = {
			isa = XCBuildConfiguration;
			buildSettings = {
				ALWAYS_EMBED_SWIFT_STANDARD_LIBRARIES = YES;
				BUNDLE_LOADER = "$(TEST_HOST)";
				CODE_SIGN_STYLE = Automatic;
				CURRENT_PROJECT_VERSION = 1;
				GENERATE_INFOPLIST_FILE = YES;
				IPHONEOS_DEPLOYMENT_TARGET = 17.5;
				MARKETING_VERSION = 1.0;
				PRODUCT_BUNDLE_IDENTIFIER = "kwk.Xcode-IntroTests";
				PRODUCT_NAME = "$(TARGET_NAME)";
				SWIFT_EMIT_LOC_STRINGS = NO;
				SWIFT_VERSION = 5.0;
				TARGETED_DEVICE_FAMILY = "1,2";
				TEST_HOST = "$(BUILT_PRODUCTS_DIR)/Xcode Intro.app/$(BUNDLE_EXECUTABLE_FOLDER_PATH)/Xcode Intro";
			};
			name = Debug;
		};
		C9DF05BD2C3F062800ADC879 /* Release */ = {
			isa = XCBuildConfiguration;
			buildSettings = {
				ALWAYS_EMBED_SWIFT_STANDARD_LIBRARIES = YES;
				BUNDLE_LOADER = "$(TEST_HOST)";
				CODE_SIGN_STYLE = Automatic;
				CURRENT_PROJECT_VERSION = 1;
				GENERATE_INFOPLIST_FILE = YES;
				IPHONEOS_DEPLOYMENT_TARGET = 17.5;
				MARKETING_VERSION = 1.0;
				PRODUCT_BUNDLE_IDENTIFIER = "kwk.Xcode-IntroTests";
				PRODUCT_NAME = "$(TARGET_NAME)";
				SWIFT_EMIT_LOC_STRINGS = NO;
				SWIFT_VERSION = 5.0;
				TARGETED_DEVICE_FAMILY = "1,2";
				TEST_HOST = "$(BUILT_PRODUCTS_DIR)/Xcode Intro.app/$(BUNDLE_EXECUTABLE_FOLDER_PATH)/Xcode Intro";
			};
			name = Release;
		};
		C9DF05BF2C3F062800ADC879 /* Debug */ = {
			isa = XCBuildConfiguration;
			buildSettings = {
				ALWAYS_EMBED_SWIFT_STANDARD_LIBRARIES = YES;
				CODE_SIGN_STYLE = Automatic;
				CURRENT_PROJECT_VERSION = 1;
				GENERATE_INFOPLIST_FILE = YES;
				MARKETING_VERSION = 1.0;
				PRODUCT_BUNDLE_IDENTIFIER = "kwk.Xcode-IntroUITests";
				PRODUCT_NAME = "$(TARGET_NAME)";
				SWIFT_EMIT_LOC_STRINGS = NO;
				SWIFT_VERSION = 5.0;
				TARGETED_DEVICE_FAMILY = "1,2";
				TEST_TARGET_NAME = "Xcode Intro";
			};
			name = Debug;
		};
		C9DF05C02C3F062800ADC879 /* Release */ = {
			isa = XCBuildConfiguration;
			buildSettings = {
				ALWAYS_EMBED_SWIFT_STANDARD_LIBRARIES = YES;
				CODE_SIGN_STYLE = Automatic;
				CURRENT_PROJECT_VERSION = 1;
				GENERATE_INFOPLIST_FILE = YES;
				MARKETING_VERSION = 1.0;
				PRODUCT_BUNDLE_IDENTIFIER = "kwk.Xcode-IntroUITests";
				PRODUCT_NAME = "$(TARGET_NAME)";
				SWIFT_EMIT_LOC_STRINGS = NO;
				SWIFT_VERSION = 5.0;
				TARGETED_DEVICE_FAMILY = "1,2";
				TEST_TARGET_NAME = "Xcode Intro";
			};
			name = Release;
		};
/* End XCBuildConfiguration section */

/* Begin XCConfigurationList section */
		C9DF058F2C3F062400ADC879 /* Build configuration list for PBXProject "Xcode Intro" */ = {
			isa = XCConfigurationList;
			buildConfigurations = (
				C9DF05B62C3F062800ADC879 /* Debug */,
				C9DF05B72C3F062800ADC879 /* Release */,
			);
			defaultConfigurationIsVisible = 0;
			defaultConfigurationName = Release;
		};
		C9DF05B82C3F062800ADC879 /* Build configuration list for PBXNativeTarget "Xcode Intro" */ = {
			isa = XCConfigurationList;
			buildConfigurations = (
				C9DF05B92C3F062800ADC879 /* Debug */,
				C9DF05BA2C3F062800ADC879 /* Release */,
			);
			defaultConfigurationIsVisible = 0;
			defaultConfigurationName = Release;
		};
		C9DF05BB2C3F062800ADC879 /* Build configuration list for PBXNativeTarget "Xcode IntroTests" */ = {
			isa = XCConfigurationList;
			buildConfigurations = (
				C9DF05BC2C3F062800ADC879 /* Debug */,
				C9DF05BD2C3F062800ADC879 /* Release */,
			);
			defaultConfigurationIsVisible = 0;
			defaultConfigurationName = Release;
		};
		C9DF05BE2C3F062800ADC879 /* Build configuration list for PBXNativeTarget "Xcode IntroUITests" */ = {
			isa = XCConfigurationList;
			buildConfigurations = (
				C9DF05BF2C3F062800ADC879 /* Debug */,
				C9DF05C02C3F062800ADC879 /* Release */,
			);
			defaultConfigurationIsVisible = 0;
			defaultConfigurationName = Release;
		};
/* End XCConfigurationList section */
	};
	rootObject = C9DF058C2C3F062400ADC879 /* Project object */;
}
